
Microsoft Visual Studio Solution File, Format Version 12.00
# Visual Studio 15
VisualStudioVersion = 15.0.26124.0
MinimumVisualStudioVersion = 15.0.26124.0
Project("{FAE04EC0-301F-11D3-BF4B-00C04F79EFBC}") = "repo-version", "src\repo-version\repo-version.csproj", "{E8FB0F5D-8AB0-4D69-A98D-1A7FD531BC20}"
EndProject
Project("{2150E333-8FDC-42A3-9474-1A3956D46DE8}") = "src", "src", "{3AE071DB-C0B9-420D-92C5-C131CCDFDEE9}"
EndProject
Project("{FAE04EC0-301F-11D3-BF4B-00C04F79EFBC}") = "Cake.RepoVersion", "src\Cake.RepoVersion\Cake.RepoVersion.csproj", "{F96D6510-753F-4266-9E6D-3BCF3660CD04}"
EndProject
Global
	GlobalSection(SolutionConfigurationPlatforms) = preSolution
		Debug|Any CPU = Debug|Any CPU
		Debug|x64 = Debug|x64
		Debug|x86 = Debug|x86
		Release|Any CPU = Release|Any CPU
		Release|x64 = Release|x64
		Release|x86 = Release|x86
	EndGlobalSection
	GlobalSection(SolutionProperties) = preSolution
		HideSolutionNode = FALSE
	EndGlobalSection
	GlobalSection(ProjectConfigurationPlatforms) = postSolution
		{E8FB0F5D-8AB0-4D69-A98D-1A7FD531BC20}.Debug|Any CPU.ActiveCfg = Debug|Any CPU
		{E8FB0F5D-8AB0-4D69-A98D-1A7FD531BC20}.Debug|Any CPU.Build.0 = Debug|Any CPU
		{E8FB0F5D-8AB0-4D69-A98D-1A7FD531BC20}.Debug|x64.ActiveCfg = Debug|Any CPU
		{E8FB0F5D-8AB0-4D69-A98D-1A7FD531BC20}.Debug|x64.Build.0 = Debug|Any CPU
		{E8FB0F5D-8AB0-4D69-A98D-1A7FD531BC20}.Debug|x86.ActiveCfg = Debug|Any CPU
		{E8FB0F5D-8AB0-4D69-A98D-1A7FD531BC20}.Debug|x86.Build.0 = Debug|Any CPU
		{E8FB0F5D-8AB0-4D69-A98D-1A7FD531BC20}.Release|Any CPU.ActiveCfg = Release|Any CPU
		{E8FB0F5D-8AB0-4D69-A98D-1A7FD531BC20}.Release|Any CPU.Build.0 = Release|Any CPU
		{E8FB0F5D-8AB0-4D69-A98D-1A7FD531BC20}.Release|x64.ActiveCfg = Release|Any CPU
		{E8FB0F5D-8AB0-4D69-A98D-1A7FD531BC20}.Release|x64.Build.0 = Release|Any CPU
		{E8FB0F5D-8AB0-4D69-A98D-1A7FD531BC20}.Release|x86.ActiveCfg = Release|Any CPU
		{E8FB0F5D-8AB0-4D69-A98D-1A7FD531BC20}.Release|x86.Build.0 = Release|Any CPU
		{F96D6510-753F-4266-9E6D-3BCF3660CD04}.Debug|Any CPU.ActiveCfg = Debug|Any CPU
		{F96D6510-753F-4266-9E6D-3BCF3660CD04}.Debug|Any CPU.Build.0 = Debug|Any CPU
		{F96D6510-753F-4266-9E6D-3BCF3660CD04}.Debug|x64.ActiveCfg = Debug|Any CPU
		{F96D6510-753F-4266-9E6D-3BCF3660CD04}.Debug|x64.Build.0 = Debug|Any CPU
		{F96D6510-753F-4266-9E6D-3BCF3660CD04}.Debug|x86.ActiveCfg = Debug|Any CPU
		{F96D6510-753F-4266-9E6D-3BCF3660CD04}.Debug|x86.Build.0 = Debug|Any CPU
		{F96D6510-753F-4266-9E6D-3BCF3660CD04}.Release|Any CPU.ActiveCfg = Release|Any CPU
		{F96D6510-753F-4266-9E6D-3BCF3660CD04}.Release|Any CPU.Build.0 = Release|Any CPU
		{F96D6510-753F-4266-9E6D-3BCF3660CD04}.Release|x64.ActiveCfg = Release|Any CPU
		{F96D6510-753F-4266-9E6D-3BCF3660CD04}.Release|x64.Build.0 = Release|Any CPU
		{F96D6510-753F-4266-9E6D-3BCF3660CD04}.Release|x86.ActiveCfg = Release|Any CPU
		{F96D6510-753F-4266-9E6D-3BCF3660CD04}.Release|x86.Build.0 = Release|Any CPU
	EndGlobalSection
	GlobalSection(NestedProjects) = preSolution
		{F96D6510-753F-4266-9E6D-3BCF3660CD04} = {3AE071DB-C0B9-420D-92C5-C131CCDFDEE9}
	EndGlobalSection
EndGlobal
